
Microsoft Visual Studio Solution File, Format Version 12.00
# Visual Studio Version 17
VisualStudioVersion = 17.13.35931.197 d17.13
MinimumVisualStudioVersion = 10.0.40219.1
Project("{FAE04EC0-301F-11D3-BF4B-00C04F79EFBC}") = "TextEditor", "TextEditor.csproj", "{E6D7A007-F257-4FCD-B5F3-E765709FD6AB}"
EndProject
Global
	GlobalSection(SolutionConfigurationPlatforms) = preSolution
		Debug|Any CPU = Debug|Any CPU
		Release|Any CPU = Release|Any CPU
	EndGlobalSection
	GlobalSection(ProjectConfigurationPlatforms) = postSolution
		{E6D7A007-F257-4FCD-B5F3-E765709FD6AB}.Debug|Any CPU.ActiveCfg = Debug|Any CPU
		{E6D7A007-F257-4FCD-B5F3-E765709FD6AB}.Debug|Any CPU.Build.0 = Debug|Any CPU
		{E6D7A007-F257-4FCD-B5F3-E765709FD6AB}.Release|Any CPU.ActiveCfg = Release|Any CPU
		{E6D7A007-F257-4FCD-B5F3-E765709FD6AB}.Release|Any CPU.Build.0 = Release|Any CPU
	EndGlobalSection
	GlobalSection(SolutionProperties) = preSolution
		HideSolutionNode = FALSE
	EndGlobalSection
	GlobalSection(ExtensibilityGlobals) = postSolution
		SolutionGuid = {CE080F97-D986-48E5-A802-2B55CB3960DB}
	EndGlobalSection
EndGlobal
